{
  "name": "MotorcycleMaintenanceRecord",
  "version": "1.0.0",
  "lockfileVersion": 3,
  "requires": true,
  "packages": {
    "": {
      "dependencies": {
        "papaparse": "^5.5.3",
        "tdesign-miniprogram": "^1.12.0"
      }
    },
    "node_modules/papaparse": {
      "version": "5.5.3",
      "resolved": "https://registry.npmjs.org/papaparse/-/papaparse-5.5.3.tgz",
      "integrity": "sha512-5QvjGxYVjxO59MGU2lHVYpRWBBtKHnlIAcSe1uNFCkkptUh63NFRj0FJQm7nR67puEruUci/ZkjmEFrjCAyP4A==",
      "license": "MIT"
    },
    "node_modules/tdesign-miniprogram": {
      "version": "1.12.0",
      "resolved": "https://registry.npmjs.org/tdesign-miniprogram/-/tdesign-miniprogram-1.12.0.tgz",
      "integrity": "sha512-Ft+B1HWMOKuOpM9+Z0mflprWrxSB/ESo6TVymjxJ6xzMgSfEcbmFaXpd0nJ+Oj/5GCljqP06ZTeWazuk1G6Ugg==",
      "license": "MIT"
    }
  }
}
